
Microsoft Visual Studio Solution File, Format Version 12.00
# Visual Studio 15
Project("{FAE04EC0-301F-11D3-BF4B-00C04F79EFBC}") = "Assembly-CSharp", "Assembly-CSharp.csproj", "{746A9DCA-004B-19FA-7C2C-15D2FBD59DE6}"
EndProject
Global
	GlobalSection(SolutionConfigurationPlatforms) = preSolution
		Debug|Any CPU = Debug|Any CPU
		Release|Any CPU = Release|Any CPU
	EndGlobalSection
	GlobalSection(ProjectConfigurationPlatforms) = postSolution
		{746A9DCA-004B-19FA-7C2C-15D2FBD59DE6}.Debug|Any CPU.ActiveCfg = Debug|Any CPU
		{746A9DCA-004B-19FA-7C2C-15D2FBD59DE6}.Debug|Any CPU.Build.0 = Debug|Any CPU
		{746A9DCA-004B-19FA-7C2C-15D2FBD59DE6}.Release|Any CPU.ActiveCfg = Release|Any CPU
		{746A9DCA-004B-19FA-7C2C-15D2FBD59DE6}.Release|Any CPU.Build.0 = Release|Any CPU
	EndGlobalSection
	GlobalSection(SolutionProperties) = preSolution
		HideSolutionNode = FALSE
	EndGlobalSection
EndGlobal
